// !$*UTF8*$!
{
	archiveVersion = 1;
	classes = {
	};
	objectVersion = 46;
	objects = {

/* Begin PBXBuildFile section */
		1CEC54A31C9BE379007CEB05 /* AppDelegate.swift in Sources */ = {isa = PBXBuildFile; fileRef = 1CEC54A21C9BE379007CEB05 /* AppDelegate.swift */; };
		1CEC54A81C9BE379007CEB05 /* Main.storyboard in Resources */ = {isa = PBXBuildFile; fileRef = 1CEC54A61C9BE379007CEB05 /* Main.storyboard */; };
		1CEC54AA1C9BE379007CEB05 /* Assets.xcassets in Resources */ = {isa = PBXBuildFile; fileRef = 1CEC54A91C9BE379007CEB05 /* Assets.xcassets */; };
		1CEC54AD1C9BE379007CEB05 /* LaunchScreen.storyboard in Resources */ = {isa = PBXBuildFile; fileRef = 1CEC54AB1C9BE379007CEB05 /* LaunchScreen.storyboard */; };
		1CEC54B61C9BE495007CEB05 /* TabBarController.swift in Sources */ = {isa = PBXBuildFile; fileRef = 1CEC54B51C9BE495007CEB05 /* TabBarController.swift */; };
		1CEC54BB1C9BE4A9007CEB05 /* HomeViewController.swift in Sources */ = {isa = PBXBuildFile; fileRef = 1CEC54B81C9BE4A9007CEB05 /* HomeViewController.swift */; };
		1CEC54BC1C9BE4A9007CEB05 /* LoginViewController.swift in Sources */ = {isa = PBXBuildFile; fileRef = 1CEC54B91C9BE4A9007CEB05 /* LoginViewController.swift */; };
		1CEC54BD1C9BE4A9007CEB05 /* WebViewController.swift in Sources */ = {isa = PBXBuildFile; fileRef = 1CEC54BA1C9BE4A9007CEB05 /* WebViewController.swift */; };
		1CEC54C11C9BE4DD007CEB05 /* HexColors.framework in Frameworks */ = {isa = PBXBuildFile; fileRef = 1CEC54BE1C9BE4DD007CEB05 /* HexColors.framework */; };
		1CEC54C21C9BE4DD007CEB05 /* Iconfont.framework in Frameworks */ = {isa = PBXBuildFile; fileRef = 1CEC54BF1C9BE4DD007CEB05 /* Iconfont.framework */; };
		1CEC54C31C9BE4DD007CEB05 /* MisterFusion.framework in Frameworks */ = {isa = PBXBuildFile; fileRef = 1CEC54C01C9BE4DD007CEB05 /* MisterFusion.framework */; };
		1CEC54C51C9BE4F9007CEB05 /* HexColors.framework in CopyFiles */ = {isa = PBXBuildFile; fileRef = 1CEC54BE1C9BE4DD007CEB05 /* HexColors.framework */; settings = {ATTRIBUTES = (CodeSignOnCopy, RemoveHeadersOnCopy, ); }; };
		1CEC54C61C9BE4F9007CEB05 /* Iconfont.framework in CopyFiles */ = {isa = PBXBuildFile; fileRef = 1CEC54BF1C9BE4DD007CEB05 /* Iconfont.framework */; settings = {ATTRIBUTES = (CodeSignOnCopy, RemoveHeadersOnCopy, ); }; };
		1CEC54C71C9BE4F9007CEB05 /* MisterFusion.framework in CopyFiles */ = {isa = PBXBuildFile; fileRef = 1CEC54C01C9BE4DD007CEB05 /* MisterFusion.framework */; settings = {ATTRIBUTES = (CodeSignOnCopy, RemoveHeadersOnCopy, ); }; };
		1CEC54C91C9BE51B007CEB05 /* Assets in Resources */ = {isa = PBXBuildFile; fileRef = 1CEC54C81C9BE51B007CEB05 /* Assets */; };
/* End PBXBuildFile section */

/* Begin PBXCopyFilesBuildPhase section */
		1CEC54C41C9BE4EF007CEB05 /* CopyFiles */ = {
			isa = PBXCopyFilesBuildPhase;
			buildActionMask = 2147483647;
			dstPath = "";
			dstSubfolderSpec = 10;
			files = (
				1CEC54C51C9BE4F9007CEB05 /* HexColors.framework in CopyFiles */,
				1CEC54C61C9BE4F9007CEB05 /* Iconfont.framework in CopyFiles */,
				1CEC54C71C9BE4F9007CEB05 /* MisterFusion.framework in CopyFiles */,
			);
			runOnlyForDeploymentPostprocessing = 0;
		};
/* End PBXCopyFilesBuildPhase section */

/* Begin PBXFileReference section */
		1CEC549F1C9BE379007CEB05 /* ios-learning.app */ = {isa = PBXFileReference; explicitFileType = wrapper.application; includeInIndex = 0; path = "ios-learning.app"; sourceTree = BUILT_PRODUCTS_DIR; };
		1CEC54A21C9BE379007CEB05 /* AppDelegate.swift */ = {isa = PBXFileReference; lastKnownFileType = sourcecode.swift; path = AppDelegate.swift; sourceTree = "<group>"; };
		1CEC54A71C9BE379007CEB05 /* Base */ = {isa = PBXFileReference; lastKnownFileType = file.storyboard; name = Base; path = Base.lproj/Main.storyboard; sourceTree = "<group>"; };
		1CEC54A91C9BE379007CEB05 /* Assets.xcassets */ = {isa = PBXFileReference; lastKnownFileType = folder.assetcatalog; path = Assets.xcassets; sourceTree = "<group>"; };
		1CEC54AC1C9BE379007CEB05 /* Base */ = {isa = PBXFileReference; lastKnownFileType = file.storyboard; name = Base; path = Base.lproj/LaunchScreen.storyboard; sourceTree = "<group>"; };
		1CEC54AE1C9BE379007CEB05 /* Info.plist */ = {isa = PBXFileReference; lastKnownFileType = text.plist.xml; path = Info.plist; sourceTree = "<group>"; };
		1CEC54B51C9BE495007CEB05 /* TabBarController.swift */ = {isa = PBXFileReference; fileEncoding = 4; lastKnownFileType = sourcecode.swift; name = TabBarController.swift; path = Controllers/TabBarController.swift; sourceTree = "<group>"; };
		1CEC54B81C9BE4A9007CEB05 /* HomeViewController.swift */ = {isa = PBXFileReference; fileEncoding = 4; lastKnownFileType = sourcecode.swift; name = HomeViewController.swift; path = Views/HomeViewController.swift; sourceTree = "<group>"; };
		1CEC54B91C9BE4A9007CEB05 /* LoginViewController.swift */ = {isa = PBXFileReference; fileEncoding = 4; lastKnownFileType = sourcecode.swift; name = LoginViewController.swift; path = Views/LoginViewController.swift; sourceTree = "<group>"; };
		1CEC54BA1C9BE4A9007CEB05 /* WebViewController.swift */ = {isa = PBXFileReference; fileEncoding = 4; lastKnownFileType = sourcecode.swift; name = WebViewController.swift; path = Views/WebViewController.swift; sourceTree = "<group>"; };
		1CEC54BE1C9BE4DD007CEB05 /* HexColors.framework */ = {isa = PBXFileReference; lastKnownFileType = wrapper.framework; name = HexColors.framework; path = Carthage/Build/iOS/HexColors.framework; sourceTree = "<group>"; };
		1CEC54BF1C9BE4DD007CEB05 /* Iconfont.framework */ = {isa = PBXFileReference; lastKnownFileType = wrapper.framework; name = Iconfont.framework; path = Carthage/Build/iOS/Iconfont.framework; sourceTree = "<group>"; };
		1CEC54C01C9BE4DD007CEB05 /* MisterFusion.framework */ = {isa = PBXFileReference; lastKnownFileType = wrapper.framework; name = MisterFusion.framework; path = Carthage/Build/iOS/MisterFusion.framework; sourceTree = "<group>"; };
		1CEC54C81C9BE51B007CEB05 /* Assets */ = {isa = PBXFileReference; lastKnownFileType = folder; path = Assets; sourceTree = "<group>"; };
/* End PBXFileReference section */

/* Begin PBXFrameworksBuildPhase section */
		1CEC549C1C9BE379007CEB05 /* Frameworks */ = {
			isa = PBXFrameworksBuildPhase;
			buildActionMask = 2147483647;
			files = (
				1CEC54C11C9BE4DD007CEB05 /* HexColors.framework in Frameworks */,
				1CEC54C21C9BE4DD007CEB05 /* Iconfont.framework in Frameworks */,
				1CEC54C31C9BE4DD007CEB05 /* MisterFusion.framework in Frameworks */,
			);
			runOnlyForDeploymentPostprocessing = 0;
		};
/* End PBXFrameworksBuildPhase section */

/* Begin PBXGroup section */
		1CEC54961C9BE379007CEB05 = {
			isa = PBXGroup;
			children = (
				1CEC54BE1C9BE4DD007CEB05 /* HexColors.framework */,
				1CEC54BF1C9BE4DD007CEB05 /* Iconfont.framework */,
				1CEC54C01C9BE4DD007CEB05 /* MisterFusion.framework */,
				1CEC54A11C9BE379007CEB05 /* ios-learning */,
				1CEC54A01C9BE379007CEB05 /* Products */,
			);
			sourceTree = "<group>";
		};
		1CEC54A01C9BE379007CEB05 /* Products */ = {
			isa = PBXGroup;
			children = (
				1CEC549F1C9BE379007CEB05 /* ios-learning.app */,
			);
			name = Products;
			sourceTree = "<group>";
		};
		1CEC54A11C9BE379007CEB05 /* ios-learning */ = {
			isa = PBXGroup;
			children = (
				1CEC54C81C9BE51B007CEB05 /* Assets */,
				1CEC54B41C9BE486007CEB05 /* Controllers */,
				1CEC54B71C9BE49C007CEB05 /* Views */,
				1CEC54A21C9BE379007CEB05 /* AppDelegate.swift */,
				1CEC54A91C9BE379007CEB05 /* Assets.xcassets */,
				1CEC54A61C9BE379007CEB05 /* Main.storyboard */,
				1CEC54AB1C9BE379007CEB05 /* LaunchScreen.storyboard */,
				1CEC54AE1C9BE379007CEB05 /* Info.plist */,
			);
			path = "ios-learning";
			sourceTree = "<group>";
		};
		1CEC54B41C9BE486007CEB05 /* Controllers */ = {
			isa = PBXGroup;
			children = (
				1CEC54B51C9BE495007CEB05 /* TabBarController.swift */,
			);
			name = Controllers;
			sourceTree = "<group>";
		};
		1CEC54B71C9BE49C007CEB05 /* Views */ = {
			isa = PBXGroup;
			children = (
				1CEC54B81C9BE4A9007CEB05 /* HomeViewController.swift */,
				1CEC54BA1C9BE4A9007CEB05 /* WebViewController.swift */,
				1CEC54B91C9BE4A9007CEB05 /* LoginViewController.swift */,
			);
			name = Views;
			sourceTree = "<group>";
		};
/* End PBXGroup section */

/* Begin PBXNativeTarget section */
		1CEC549E1C9BE379007CEB05 /* ios-learning */ = {
			isa = PBXNativeTarget;
			buildConfigurationList = 1CEC54B11C9BE379007CEB05 /* Build configuration list for PBXNativeTarget "ios-learning" */;
			buildPhases = (
				1CEC549B1C9BE379007CEB05 /* Sources */,
				1CEC549C1C9BE379007CEB05 /* Frameworks */,
				1CEC549D1C9BE379007CEB05 /* Resources */,
				1CEC54C41C9BE4EF007CEB05 /* CopyFiles */,
			);
			buildRules = (
			);
			dependencies = (
			);
			name = "ios-learning";
			productName = "ios-learning";
			productReference = 1CEC549F1C9BE379007CEB05 /* ios-learning.app */;
			productType = "com.apple.product-type.application";
		};
/* End PBXNativeTarget section */

/* Begin PBXProject section */
		1CEC54971C9BE379007CEB05 /* Project object */ = {
			isa = PBXProject;
			attributes = {
				LastSwiftUpdateCheck = 0720;
				LastUpgradeCheck = 0720;
				ORGANIZATIONNAME = "神仙";
				TargetAttributes = {
					1CEC549E1C9BE379007CEB05 = {
						CreatedOnToolsVersion = 7.2.1;
					};
				};
			};
			buildConfigurationList = 1CEC549A1C9BE379007CEB05 /* Build configuration list for PBXProject "ios-learning" */;
			compatibilityVersion = "Xcode 3.2";
			developmentRegion = English;
			hasScannedForEncodings = 0;
			knownRegions = (
				en,
				Base,
			);
			mainGroup = 1CEC54961C9BE379007CEB05;
			productRefGroup = 1CEC54A01C9BE379007CEB05 /* Products */;
			projectDirPath = "";
			projectRoot = "";
			targets = (
				1CEC549E1C9BE379007CEB05 /* ios-learning */,
			);
		};
/* End PBXProject section */

/* Begin PBXResourcesBuildPhase section */
		1CEC549D1C9BE379007CEB05 /* Resources */ = {
			isa = PBXResourcesBuildPhase;
			buildActionMask = 2147483647;
			files = (
				1CEC54AD1C9BE379007CEB05 /* LaunchScreen.storyboard in Resources */,
				1CEC54C91C9BE51B007CEB05 /* Assets in Resources */,
				1CEC54AA1C9BE379007CEB05 /* Assets.xcassets in Resources */,
				1CEC54A81C9BE379007CEB05 /* Main.storyboard in Resources */,
			);
			runOnlyForDeploymentPostprocessing = 0;
		};
/* End PBXResourcesBuildPhase section */

/* Begin PBXSourcesBuildPhase section */
		1CEC549B1C9BE379007CEB05 /* Sources */ = {
			isa = PBXSourcesBuildPhase;
			buildActionMask = 2147483647;
			files = (
				1CEC54BC1C9BE4A9007CEB05 /* LoginViewController.swift in Sources */,
				1CEC54A31C9BE379007CEB05 /* AppDelegate.swift in Sources */,
				1CEC54B61C9BE495007CEB05 /* TabBarController.swift in Sources */,
				1CEC54BD1C9BE4A9007CEB05 /* WebViewController.swift in Sources */,
				1CEC54BB1C9BE4A9007CEB05 /* HomeViewController.swift in Sources */,
			);
			runOnlyForDeploymentPostprocessing = 0;
		};
/* End PBXSourcesBuildPhase section */

/* Begin PBXVariantGroup section */
		1CEC54A61C9BE379007CEB05 /* Main.storyboard */ = {
			isa = PBXVariantGroup;
			children = (
				1CEC54A71C9BE379007CEB05 /* Base */,
			);
			name = Main.storyboard;
			sourceTree = "<group>";
		};
		1CEC54AB1C9BE379007CEB05 /* LaunchScreen.storyboard */ = {
			isa = PBXVariantGroup;
			children = (
				1CEC54AC1C9BE379007CEB05 /* Base */,
			);
			name = LaunchScreen.storyboard;
			sourceTree = "<group>";
		};
/* End PBXVariantGroup section */

/* Begin XCBuildConfiguration section */
		1CEC54AF1C9BE379007CEB05 /* Debug */ = {
			isa = XCBuildConfiguration;
			buildSettings = {
				ALWAYS_SEARCH_USER_PATHS = NO;
				CLANG_CXX_LANGUAGE_STANDARD = "gnu++0x";
				CLANG_CXX_LIBRARY = "libc++";
				CLANG_ENABLE_MODULES = YES;
				CLANG_ENABLE_OBJC_ARC = YES;
				CLANG_WARN_BOOL_CONVERSION = YES;
				CLANG_WARN_CONSTANT_CONVERSION = YES;
				CLANG_WARN_DIRECT_OBJC_ISA_USAGE = YES_ERROR;
				CLANG_WARN_EMPTY_BODY = YES;
				CLANG_WARN_ENUM_CONVERSION = YES;
				CLANG_WARN_INT_CONVERSION = YES;
				CLANG_WARN_OBJC_ROOT_CLASS = YES_ERROR;
				CLANG_WARN_UNREACHABLE_CODE = YES;
				CLANG_WARN__DUPLICATE_METHOD_MATCH = YES;
				"CODE_SIGN_IDENTITY[sdk=iphoneos*]" = "iPhone Developer";
				COPY_PHASE_STRIP = NO;
				DEBUG_INFORMATION_FORMAT = dwarf;
				ENABLE_STRICT_OBJC_MSGSEND = YES;
				ENABLE_TESTABILITY = YES;
				GCC_C_LANGUAGE_STANDARD = gnu99;
				GCC_DYNAMIC_NO_PIC = NO;
				GCC_NO_COMMON_BLOCKS = YES;
				GCC_OPTIMIZATION_LEVEL = 0;
				GCC_PREPROCESSOR_DEFINITIONS = (
					"DEBUG=1",
					"$(inherited)",
				);
				GCC_WARN_64_TO_32_BIT_CONVERSION = YES;
				GCC_WARN_ABOUT_RETURN_TYPE = YES_ERROR;
				GCC_WARN_UNDECLARED_SELECTOR = YES;
				GCC_WARN_UNINITIALIZED_AUTOS = YES_AGGRESSIVE;
				GCC_WARN_UNUSED_FUNCTION = YES;
				GCC_WARN_UNUSED_VARIABLE = YES;
				IPHONEOS_DEPLOYMENT_TARGET = 9.2;
				MTL_ENABLE_DEBUG_INFO = YES;
				ONLY_ACTIVE_ARCH = YES;
				SDKROOT = iphoneos;
				SWIFT_OPTIMIZATION_LEVEL = "-Onone";
			};
			name = Debug;
		};
		1CEC54B01C9BE379007CEB05 /* Release */ = {
			isa = XCBuildConfiguration;
			buildSettings = {
				ALWAYS_SEARCH_USER_PATHS = NO;
				CLANG_CXX_LANGUAGE_STANDARD = "gnu++0x";
				CLANG_CXX_LIBRARY = "libc++";
				CLANG_ENABLE_MODULES = YES;
				CLANG_ENABLE_OBJC_ARC = YES;
				CLANG_WARN_BOOL_CONVERSION = YES;
				CLANG_WARN_CONSTANT_CONVERSION = YES;
				CLANG_WARN_DIRECT_OBJC_ISA_USAGE = YES_ERROR;
				CLANG_WARN_EMPTY_BODY = YES;
				CLANG_WARN_ENUM_CONVERSION = YES;
				CLANG_WARN_INT_CONVERSION = YES;
				CLANG_WARN_OBJC_ROOT_CLASS = YES_ERROR;
				CLANG_WARN_UNREACHABLE_CODE = YES;
				CLANG_WARN__DUPLICATE_METHOD_MATCH = YES;
				"CODE_SIGN_IDENTITY[sdk=iphoneos*]" = "iPhone Developer";
				COPY_PHASE_STRIP = NO;
				DEBUG_INFORMATION_FORMAT = "dwarf-with-dsym";
				ENABLE_NS_ASSERTIONS = NO;
				ENABLE_STRICT_OBJC_MSGSEND = YES;
				GCC_C_LANGUAGE_STANDARD = gnu99;
				GCC_NO_COMMON_BLOCKS = YES;
				GCC_WARN_64_TO_32_BIT_CONVERSION = YES;
				GCC_WARN_ABOUT_RETURN_TYPE = YES_ERROR;
				GCC_WARN_UNDECLARED_SELECTOR = YES;
				GCC_WARN_UNINITIALIZED_AUTOS = YES_AGGRESSIVE;
				GCC_WARN_UNUSED_FUNCTION = YES;
				GCC_WARN_UNUSED_VARIABLE = YES;
				IPHONEOS_DEPLOYMENT_TARGET = 9.2;
				MTL_ENABLE_DEBUG_INFO = NO;
				SDKROOT = iphoneos;
				VALIDATE_PRODUCT = YES;
			};
			name = Release;
		};
		1CEC54B21C9BE379007CEB05 /* Debug */ = {
			isa = XCBuildConfiguration;
			buildSettings = {
				ASSETCATALOG_COMPILER_APPICON_NAME = AppIcon;
				FRAMEWORK_SEARCH_PATHS = (
					"$(inherited)",
					"$(PROJECT_DIR)/Carthage/Build/iOS",
				);
				INFOPLIST_FILE = "ios-learning/Info.plist";
				LD_RUNPATH_SEARCH_PATHS = "$(inherited) @executable_path/Frameworks";
				PRODUCT_BUNDLE_IDENTIFIER = "X.ios-learning";
				PRODUCT_NAME = "$(TARGET_NAME)";
			};
			name = Debug;
		};
		1CEC54B31C9BE379007CEB05 /* Release */ = {
			isa = XCBuildConfiguration;
			buildSettings = {
				ASSETCATALOG_COMPILER_APPICON_NAME = AppIcon;
				FRAMEWORK_SEARCH_PATHS = (
					"$(inherited)",
					"$(PROJECT_DIR)/Carthage/Build/iOS",
				);
				INFOPLIST_FILE = "ios-learning/Info.plist";
				LD_RUNPATH_SEARCH_PATHS = "$(inherited) @executable_path/Frameworks";
				PRODUCT_BUNDLE_IDENTIFIER = "X.ios-learning";
				PRODUCT_NAME = "$(TARGET_NAME)";
			};
			name = Release;
		};
/* End XCBuildConfiguration section */

/* Begin XCConfigurationList section */
		1CEC549A1C9BE379007CEB05 /* Build configuration list for PBXProject "ios-learning" */ = {
			isa = XCConfigurationList;
			buildConfigurations = (
				1CEC54AF1C9BE379007CEB05 /* Debug */,
				1CEC54B01C9BE379007CEB05 /* Release */,
			);
			defaultConfigurationIsVisible = 0;
			defaultConfigurationName = Release;
		};
		1CEC54B11C9BE379007CEB05 /* Build configuration list for PBXNativeTarget "ios-learning" */ = {
			isa = XCConfigurationList;
			buildConfigurations = (
				1CEC54B21C9BE379007CEB05 /* Debug */,
				1CEC54B31C9BE379007CEB05 /* Release */,
			);
			defaultConfigurationIsVisible = 0;
			defaultConfigurationName = Release;
		};
/* End XCConfigurationList section */
	};
	rootObject = 1CEC54971C9BE379007CEB05 /* Project object */;
}
